
Microsoft Visual Studio Solution File, Format Version 12.00
Project("{FAE04EC0-301F-11D3-BF4B-00C04F79EFBC}") = "DarkStore.Web", "DarkStore.Web\DarkStore.Web.csproj", "{7416A6A3-6AFF-4706-A008-F9C5E79DBA04}"
EndProject
Project("{FAE04EC0-301F-11D3-BF4B-00C04F79EFBC}") = "DarkStore.Api", "DarkStore.Api\DarkStore.Api.csproj", "{83CE28E2-D185-4664-B327-32E960B6EA28}"
EndProject
Project("{FAE04EC0-301F-11D3-BF4B-00C04F79EFBC}") = "DarkStore.Models", "DarkStore.Models\DarkStore.Models.csproj", "{8D0F90A5-6B6F-489F-8D89-87755B80C11D}"
EndProject
Global
	GlobalSection(SolutionConfigurationPlatforms) = preSolution
		Debug|Any CPU = Debug|Any CPU
		Release|Any CPU = Release|Any CPU
	EndGlobalSection
	GlobalSection(ProjectConfigurationPlatforms) = postSolution
		{7416A6A3-6AFF-4706-A008-F9C5E79DBA04}.Debug|Any CPU.ActiveCfg = Debug|Any CPU
		{7416A6A3-6AFF-4706-A008-F9C5E79DBA04}.Debug|Any CPU.Build.0 = Debug|Any CPU
		{7416A6A3-6AFF-4706-A008-F9C5E79DBA04}.Release|Any CPU.ActiveCfg = Release|Any CPU
		{7416A6A3-6AFF-4706-A008-F9C5E79DBA04}.Release|Any CPU.Build.0 = Release|Any CPU
		{83CE28E2-D185-4664-B327-32E960B6EA28}.Debug|Any CPU.ActiveCfg = Debug|Any CPU
		{83CE28E2-D185-4664-B327-32E960B6EA28}.Debug|Any CPU.Build.0 = Debug|Any CPU
		{83CE28E2-D185-4664-B327-32E960B6EA28}.Release|Any CPU.ActiveCfg = Release|Any CPU
		{83CE28E2-D185-4664-B327-32E960B6EA28}.Release|Any CPU.Build.0 = Release|Any CPU
		{8D0F90A5-6B6F-489F-8D89-87755B80C11D}.Debug|Any CPU.ActiveCfg = Debug|Any CPU
		{8D0F90A5-6B6F-489F-8D89-87755B80C11D}.Debug|Any CPU.Build.0 = Debug|Any CPU
		{8D0F90A5-6B6F-489F-8D89-87755B80C11D}.Release|Any CPU.ActiveCfg = Release|Any CPU
		{8D0F90A5-6B6F-489F-8D89-87755B80C11D}.Release|Any CPU.Build.0 = Release|Any CPU
	EndGlobalSection
EndGlobal
